PODS:
  - boost (1.76.0)
  - DoubleConversion (1.1.6)
  - FBLazyVector (0.71.14)
  - FBReactNativeSpec (0.71.14):
    - RCT-Folly (= 2021.07.22.00)
    - RCTRequired (= 0.71.14)
    - RCTTypeSafety (= 0.71.14)
    - React-Core (= 0.71.14)
    - React-jsi (= 0.71.14)
    - ReactCommon/turbomodule/core (= 0.71.14)
  - fmt (6.2.1)
  - glog (0.3.5)
  - OktaOidc (3.11.2):
    - OktaOidc/AppAuth (= 3.11.2)
    - OktaOidc/Okta (= 3.11.2)
  - OktaOidc/AppAuth (3.11.2)
  - OktaOidc/Okta (3.11.2):
    - OktaOidc/AppAuth
  - RCT-Folly (2021.07.22.00):
    - boost
    - DoubleConversion
    - fmt (~> 6.2.1)
    - glog
    - RCT-Folly/Default (= 2021.07.22.00)
  - RCT-Folly/Default (2021.07.22.00):
    - boost
    - DoubleConversion
    - fmt (~> 6.2.1)
    - glog
  - RCTRequired (0.71.14)
  - RCTTypeSafety (0.71.14):
    - FBLazyVector (= 0.71.14)
    - RCTRequired (= 0.71.14)
    - React-Core (= 0.71.14)
  - React (0.71.14):
    - React-Core (= 0.71.14)
    - React-Core/DevSupport (= 0.71.14)
    - React-Core/RCTWebSocket (= 0.71.14)
    - React-RCTActionSheet (= 0.71.14)
    - React-RCTAnimation (= 0.71.14)
    - React-RCTBlob (= 0.71.14)
    - React-RCTImage (= 0.71.14)
    - React-RCTLinking (= 0.71.14)
    - React-RCTNetwork (= 0.71.14)
    - React-RCTSettings (= 0.71.14)
    - React-RCTText (= 0.71.14)
    - React-RCTVibration (= 0.71.14)
  - React-callinvoker (0.71.14)
  - React-Codegen (0.71.14):
    - FBReactNativeSpec
    - RCT-Folly
    - RCTRequired
    - RCTTypeSafety
    - React-Core
    - React-jsc
    - React-jsi
    - React-jsiexecutor
    - ReactCommon/turbomodule/bridging
    - ReactCommon/turbomodule/core
  - React-Core (0.71.14):
    - glog
    - RCT-Folly (= 2021.07.22.00)
    - React-Core/Default (= 0.71.14)
    - React-cxxreact (= 0.71.14)
    - React-jsc
    - React-jsi (= 0.71.14)
    - React-jsiexecutor (= 0.71.14)
    - React-perflogger (= 0.71.14)
    - Yoga
  - React-Core/CoreModulesHeaders (0.71.14):
    - glog
    - RCT-Folly (= 2021.07.22.00)
    - React-Core/Default
    - React-cxxreact (= 0.71.14)
    - React-jsc
    - React-jsi (= 0.71.14)
    - React-jsiexecutor (= 0.71.14)
    - React-perflogger (= 0.71.14)
    - Yoga
  - React-Core/Default (0.71.14):
    - glog
    - RCT-Folly (= 2021.07.22.00)
    - React-cxxreact (= 0.71.14)
    - React-jsc
    - React-jsi (= 0.71.14)
    - React-jsiexecutor (= 0.71.14)
    - React-perflogger (= 0.71.14)
    - Yoga
  - React-Core/DevSupport (0.71.14):
    - glog
    - RCT-Folly (= 2021.07.22.00)
    - React-Core/Default (= 0.71.14)
    - React-Core/RCTWebSocket (= 0.71.14)
    - React-cxxreact (= 0.71.14)
    - React-jsc
    - React-jsi (= 0.71.14)
    - React-jsiexecutor (= 0.71.14)
    - React-jsinspector (= 0.71.14)
    - React-perflogger (= 0.71.14)
    - Yoga
  - React-Core/RCTActionSheetHeaders (0.71.14):
    - glog
    - RCT-Folly (= 2021.07.22.00)
    - React-Core/Default
    - React-cxxreact (= 0.71.14)
    - React-jsc
    - React-jsi (= 0.71.14)
    - React-jsiexecutor (= 0.71.14)
    - React-perflogger (= 0.71.14)
    - Yoga
  - React-Core/RCTAnimationHeaders (0.71.14):
    - glog
    - RCT-Folly (= 2021.07.22.00)
    - React-Core/Default
    - React-cxxreact (= 0.71.14)
    - React-jsc
    - React-jsi (= 0.71.14)
    - React-jsiexecutor (= 0.71.14)
    - React-perflogger (= 0.71.14)
    - Yoga
  - React-Core/RCTBlobHeaders (0.71.14):
    - glog
    - RCT-Folly (= 2021.07.22.00)
    - React-Core/Default
    - React-cxxreact (= 0.71.14)
    - React-jsc
    - React-jsi (= 0.71.14)
    - React-jsiexecutor (= 0.71.14)
    - React-perflogger (= 0.71.14)
    - Yoga
  - React-Core/RCTImageHeaders (0.71.14):
    - glog
    - RCT-Folly (= 2021.07.22.00)
    - React-Core/Default
    - React-cxxreact (= 0.71.14)
    - React-jsc
    - React-jsi (= 0.71.14)
    - React-jsiexecutor (= 0.71.14)
    - React-perflogger (= 0.71.14)
    - Yoga
  - React-Core/RCTLinkingHeaders (0.71.14):
    - glog
    - RCT-Folly (= 2021.07.22.00)
    - React-Core/Default
    - React-cxxreact (= 0.71.14)
    - React-jsc
    - React-jsi (= 0.71.14)
    - React-jsiexecutor (= 0.71.14)
    - React-perflogger (= 0.71.14)
    - Yoga
  - React-Core/RCTNetworkHeaders (0.71.14):
    - glog
    - RCT-Folly (= 2021.07.22.00)
    - React-Core/Default
    - React-cxxreact (= 0.71.14)
    - React-jsc
    - React-jsi (= 0.71.14)
    - React-jsiexecutor (= 0.71.14)
    - React-perflogger (= 0.71.14)
    - Yoga
  - React-Core/RCTSettingsHeaders (0.71.14):
    - glog
    - RCT-Folly (= 2021.07.22.00)
    - React-Core/Default
    - React-cxxreact (= 0.71.14)
    - React-jsc
    - React-jsi (= 0.71.14)
    - React-jsiexecutor (= 0.71.14)
    - React-perflogger (= 0.71.14)
    - Yoga
  - React-Core/RCTTextHeaders (0.71.14):
    - glog
    - RCT-Folly (= 2021.07.22.00)
    - React-Core/Default
    - React-cxxreact (= 0.71.14)
    - React-jsc
    - React-jsi (= 0.71.14)
    - React-jsiexecutor (= 0.71.14)
    - React-perflogger (= 0.71.14)
    - Yoga
  - React-Core/RCTVibrationHeaders (0.71.14):
    - glog
    - RCT-Folly (= 2021.07.22.00)
    - React-Core/Default
    - React-cxxreact (= 0.71.14)
    - React-jsc
    - React-jsi (= 0.71.14)
    - React-jsiexecutor (= 0.71.14)
    - React-perflogger (= 0.71.14)
    - Yoga
  - React-Core/RCTWebSocket (0.71.14):
    - glog
    - RCT-Folly (= 2021.07.22.00)
    - React-Core/Default (= 0.71.14)
    - React-cxxreact (= 0.71.14)
    - React-jsc
    - React-jsi (= 0.71.14)
    - React-jsiexecutor (= 0.71.14)
    - React-perflogger (= 0.71.14)
    - Yoga
  - React-CoreModules (0.71.14):
    - RCT-Folly (= 2021.07.22.00)
    - RCTTypeSafety (= 0.71.14)
    - React-Codegen (= 0.71.14)
    - React-Core/CoreModulesHeaders (= 0.71.14)
    - React-jsi (= 0.71.14)
    - React-RCTBlob
    - React-RCTImage (= 0.71.14)
    - ReactCommon/turbomodule/core (= 0.71.14)
  - React-cxxreact (0.71.14):
    - boost (= 1.76.0)
    - DoubleConversion
    - glog
    - RCT-Folly (= 2021.07.22.00)
    - React-callinvoker (= 0.71.14)
    - React-jsi (= 0.71.14)
    - React-jsinspector (= 0.71.14)
    - React-logger (= 0.71.14)
    - React-perflogger (= 0.71.14)
    - React-runtimeexecutor (= 0.71.14)
  - React-jsc (0.71.14):
    - React-jsc/Fabric (= 0.71.14)
    - React-jsi (= 0.71.14)
  - React-jsc/Fabric (0.71.14):
    - React-jsi (= 0.71.14)
  - React-jsi (0.71.14):
    - boost (= 1.76.0)
    - DoubleConversion
    - glog
    - RCT-Folly (= 2021.07.22.00)
  - React-jsiexecutor (0.71.14):
    - DoubleConversion
    - glog
    - RCT-Folly (= 2021.07.22.00)
    - React-cxxreact (= 0.71.14)
    - React-jsi (= 0.71.14)
    - React-perflogger (= 0.71.14)
  - React-jsinspector (0.71.14)
  - React-logger (0.71.14):
    - glog
  - React-perflogger (0.71.14)
  - React-RCTActionSheet (0.71.14):
    - React-Core/RCTActionSheetHeaders (= 0.71.14)
  - React-RCTAnimation (0.71.14):
    - RCT-Folly (= 2021.07.22.00)
    - RCTTypeSafety (= 0.71.14)
    - React-Codegen (= 0.71.14)
    - React-Core/RCTAnimationHeaders (= 0.71.14)
    - React-jsi (= 0.71.14)
    - ReactCommon/turbomodule/core (= 0.71.14)
  - React-RCTAppDelegate (0.71.14):
    - RCT-Folly
    - RCTRequired
    - RCTTypeSafety
    - React-Core
    - ReactCommon/turbomodule/core
  - React-RCTBlob (0.71.14):
    - RCT-Folly (= 2021.07.22.00)
    - React-Codegen (= 0.71.14)
    - React-Core/RCTBlobHeaders (= 0.71.14)
    - React-Core/RCTWebSocket (= 0.71.14)
    - React-jsi (= 0.71.14)
    - React-RCTNetwork (= 0.71.14)
    - ReactCommon/turbomodule/core (= 0.71.14)
  - React-RCTImage (0.71.14):
    - RCT-Folly (= 2021.07.22.00)
    - RCTTypeSafety (= 0.71.14)
    - React-Codegen (= 0.71.14)
    - React-Core/RCTImageHeaders (= 0.71.14)
    - React-jsi (= 0.71.14)
    - React-RCTNetwork (= 0.71.14)
    - ReactCommon/turbomodule/core (= 0.71.14)
  - React-RCTLinking (0.71.14):
    - React-Codegen (= 0.71.14)
    - React-Core/RCTLinkingHeaders (= 0.71.14)
    - React-jsi (= 0.71.14)
    - ReactCommon/turbomodule/core (= 0.71.14)
  - React-RCTNetwork (0.71.14):
    - RCT-Folly (= 2021.07.22.00)
    - RCTTypeSafety (= 0.71.14)
    - React-Codegen (= 0.71.14)
    - React-Core/RCTNetworkHeaders (= 0.71.14)
    - React-jsi (= 0.71.14)
    - ReactCommon/turbomodule/core (= 0.71.14)
  - React-RCTSettings (0.71.14):
    - RCT-Folly (= 2021.07.22.00)
    - RCTTypeSafety (= 0.71.14)
    - React-Codegen (= 0.71.14)
    - React-Core/RCTSettingsHeaders (= 0.71.14)
    - React-jsi (= 0.71.14)
    - ReactCommon/turbomodule/core (= 0.71.14)
  - React-RCTText (0.71.14):
    - React-Core/RCTTextHeaders (= 0.71.14)
  - React-RCTVibration (0.71.14):
    - RCT-Folly (= 2021.07.22.00)
    - React-Codegen (= 0.71.14)
    - React-Core/RCTVibrationHeaders (= 0.71.14)
    - React-jsi (= 0.71.14)
    - ReactCommon/turbomodule/core (= 0.71.14)
  - React-runtimeexecutor (0.71.14):
    - React-jsi (= 0.71.14)
  - ReactCommon/turbomodule/bridging (0.71.14):
    - DoubleConversion
    - glog
    - RCT-Folly (= 2021.07.22.00)
    - React-callinvoker (= 0.71.14)
    - React-Core (= 0.71.14)
    - React-cxxreact (= 0.71.14)
    - React-jsi (= 0.71.14)
    - React-logger (= 0.71.14)
    - React-perflogger (= 0.71.14)
  - ReactCommon/turbomodule/core (0.71.14):
    - DoubleConversion
    - glog
    - RCT-Folly (= 2021.07.22.00)
    - React-callinvoker (= 0.71.14)
    - React-Core (= 0.71.14)
    - React-cxxreact (= 0.71.14)
    - React-jsi (= 0.71.14)
    - React-logger (= 0.71.14)
    - React-perflogger (= 0.71.14)
  - Yoga (1.14.0)

DEPENDENCIES:
  - boost (from `../node_modules/react-native/third-party-podspecs/boost.podspec`)
  - DoubleConversion (from `../node_modules/react-native/third-party-podspecs/DoubleConversion.podspec`)
  - FBLazyVector (from `../node_modules/react-native/Libraries/FBLazyVector`)
  - FBReactNativeSpec (from `../node_modules/react-native/React/FBReactNativeSpec`)
  - glog (from `../node_modules/react-native/third-party-podspecs/glog.podspec`)
  - OktaOidc
  - RCT-Folly (from `../node_modules/react-native/third-party-podspecs/RCT-Folly.podspec`)
  - RCTRequired (from `../node_modules/react-native/Libraries/RCTRequired`)
  - RCTTypeSafety (from `../node_modules/react-native/Libraries/TypeSafety`)
  - React (from `../node_modules/react-native/`)
  - React-callinvoker (from `../node_modules/react-native/ReactCommon/callinvoker`)
  - React-Codegen (from `build/generated/ios`)
  - React-Core (from `../node_modules/react-native/`)
  - React-Core/RCTWebSocket (from `../node_modules/react-native/`)
  - React-CoreModules (from `../node_modules/react-native/React/CoreModules`)
  - React-cxxreact (from `../node_modules/react-native/ReactCommon/cxxreact`)
  - React-jsc (from `../node_modules/react-native/ReactCommon/jsc`)
  - React-jsi (from `../node_modules/react-native/ReactCommon/jsi`)
  - React-jsiexecutor (from `../node_modules/react-native/ReactCommon/jsiexecutor`)
  - React-jsinspector (from `../node_modules/react-native/ReactCommon/jsinspector`)
  - React-logger (from `../node_modules/react-native/ReactCommon/logger`)
  - React-perflogger (from `../node_modules/react-native/ReactCommon/reactperflogger`)
  - React-RCTActionSheet (from `../node_modules/react-native/Libraries/ActionSheetIOS`)
  - React-RCTAnimation (from `../node_modules/react-native/Libraries/NativeAnimation`)
  - React-RCTAppDelegate (from `../node_modules/react-native/Libraries/AppDelegate`)
  - React-RCTBlob (from `../node_modules/react-native/Libraries/Blob`)
  - React-RCTImage (from `../node_modules/react-native/Libraries/Image`)
  - React-RCTLinking (from `../node_modules/react-native/Libraries/LinkingIOS`)
  - React-RCTNetwork (from `../node_modules/react-native/Libraries/Network`)
  - React-RCTSettings (from `../node_modules/react-native/Libraries/Settings`)
  - React-RCTText (from `../node_modules/react-native/Libraries/Text`)
  - React-RCTVibration (from `../node_modules/react-native/Libraries/Vibration`)
  - React-runtimeexecutor (from `../node_modules/react-native/ReactCommon/runtimeexecutor`)
  - ReactCommon/turbomodule/core (from `../node_modules/react-native/ReactCommon`)
  - Yoga (from `../node_modules/react-native/ReactCommon/yoga`)

SPEC REPOS:
  trunk:
    - fmt
    - OktaOidc

EXTERNAL SOURCES:
  boost:
    :podspec: "../node_modules/react-native/third-party-podspecs/boost.podspec"
  DoubleConversion:
    :podspec: "../node_modules/react-native/third-party-podspecs/DoubleConversion.podspec"
  FBLazyVector:
    :path: "../node_modules/react-native/Libraries/FBLazyVector"
  FBReactNativeSpec:
    :path: "../node_modules/react-native/React/FBReactNativeSpec"
  glog:
    :podspec: "../node_modules/react-native/third-party-podspecs/glog.podspec"
  RCT-Folly:
    :podspec: "../node_modules/react-native/third-party-podspecs/RCT-Folly.podspec"
  RCTRequired:
    :path: "../node_modules/react-native/Libraries/RCTRequired"
  RCTTypeSafety:
    :path: "../node_modules/react-native/Libraries/TypeSafety"
  React:
    :path: "../node_modules/react-native/"
  React-callinvoker:
    :path: "../node_modules/react-native/ReactCommon/callinvoker"
  React-Codegen:
    :path: build/generated/ios
  React-Core:
    :path: "../node_modules/react-native/"
  React-CoreModules:
    :path: "../node_modules/react-native/React/CoreModules"
  React-cxxreact:
    :path: "../node_modules/react-native/ReactCommon/cxxreact"
  React-jsc:
    :path: "../node_modules/react-native/ReactCommon/jsc"
  React-jsi:
    :path: "../node_modules/react-native/ReactCommon/jsi"
  React-jsiexecutor:
    :path: "../node_modules/react-native/ReactCommon/jsiexecutor"
  React-jsinspector:
    :path: "../node_modules/react-native/ReactCommon/jsinspector"
  React-logger:
    :path: "../node_modules/react-native/ReactCommon/logger"
  React-perflogger:
    :path: "../node_modules/react-native/ReactCommon/reactperflogger"
  React-RCTActionSheet:
    :path: "../node_modules/react-native/Libraries/ActionSheetIOS"
  React-RCTAnimation:
    :path: "../node_modules/react-native/Libraries/NativeAnimation"
  React-RCTAppDelegate:
    :path: "../node_modules/react-native/Libraries/AppDelegate"
  React-RCTBlob:
    :path: "../node_modules/react-native/Libraries/Blob"
  React-RCTImage:
    :path: "../node_modules/react-native/Libraries/Image"
  React-RCTLinking:
    :path: "../node_modules/react-native/Libraries/LinkingIOS"
  React-RCTNetwork:
    :path: "../node_modules/react-native/Libraries/Network"
  React-RCTSettings:
    :path: "../node_modules/react-native/Libraries/Settings"
  React-RCTText:
    :path: "../node_modules/react-native/Libraries/Text"
  React-RCTVibration:
    :path: "../node_modules/react-native/Libraries/Vibration"
  React-runtimeexecutor:
    :path: "../node_modules/react-native/ReactCommon/runtimeexecutor"
  ReactCommon:
    :path: "../node_modules/react-native/ReactCommon"
  Yoga:
    :path: "../node_modules/react-native/ReactCommon/yoga"

SPEC CHECKSUMS:
  boost: 57d2868c099736d80fcd648bf211b4431e51a558
  DoubleConversion: fea03f2699887d960129cc54bba7e52542b6f953
  FBLazyVector: 12ea01e587c9594e7b144e1bfc86ac4d9ac28fde
  FBReactNativeSpec: b6ae48e67aaba46442f84d6f9ba598ccfbe2ee66
  fmt: ff9d55029c625d3757ed641535fd4a75fedc7ce9
  glog: c5d68082e772fa1c511173d6b30a9de2c05a69a2
  OktaOidc: 15fb3d494103d4f07ba8a523b3347d02c4d30486
  RCT-Folly: 424b8c9a7a0b9ab2886ffe9c3b041ef628fd4fb1
  RCTRequired: e9df143e880d0e879e7a498dc06923d728809c79
  RCTTypeSafety: c2d89c8308829c12c038ec1f431191eaa0d8c15c
  React: 52b89a818f4b2579c98567f3aa8bde880d9e843b
  React-callinvoker: 56e399c88c05e037fe99c31978f30e75fad5c286
  React-Codegen: 3829d8baaafb4df895b7ab4a6abcf10ffeb444fd
  React-Core: 419ce3efb3a2591de74bfc09f150f626293d40d6
  React-CoreModules: bd520e5688b5aa4666965a1b3b8e6d4a2e19df20
  React-cxxreact: f5a9baa03f1b6a660648f3b8d09bdc6d87d5ebe8
  React-jsc: 07a7e67aa41b02028fc7bf8aded401f33cf1736f
  React-jsi: fe531dec7a6efc3606a56ac85a432d04ff6ee72b
  React-jsiexecutor: 73717bd8ba46630d4eeeabd1e2c7b95691618d6f
  React-jsinspector: 7bf923954b4e035f494b01ac16633963412660d7
  React-logger: 655ff5db8bd922acfbe76a4983ffab048916343e
  React-perflogger: 4987ad83731c23d11813c84263963b0d3028c966
  React-RCTActionSheet: 5ad952b2a9740d87a5bd77280c4bc23f6f89ea0c
  React-RCTAnimation: d2de22af3f536cc80bb5b3918e1a455114d1b985
  React-RCTAppDelegate: 936b5b4ba5c2edb60186efd3bd35402cc9f2a2e6
  React-RCTBlob: e7cc24020cdd4e61b198761fb86f1305f77c90ff
  React-RCTImage: a07e8c7d4768f62ebc6277e4680f6b979c619967
  React-RCTLinking: d00ae55db37b2c12ebab91135f06f75391c0708d
  React-RCTNetwork: b3a401276e5c08487d8a14fdec1720e78b5888db
  React-RCTSettings: d606cbac31403604c5d5746e6dab53bb332f9301
  React-RCTText: b3bd40bc71bca0c3e2cc5ce2c40870a438f303b1
  React-RCTVibration: 64e412b9ac684c4edc938fa1187135ada9af7faf
  React-runtimeexecutor: ffe826b7b1cfbc32a35ed5b64d5886c0ff75f501
  ReactCommon: 7cf566ddbc9344e1f02bae1ecdaf03dbedb7eb17
  Yoga: e71803b4c1fff832ccf9b92541e00f9b873119b9

PODFILE CHECKSUM: 9aaadb750d10f50cb44f87453eeddeb11300f35d

COCOAPODS: 1.14.3
