PODS:
  - boost (1.76.0)
  - DoubleConversion (1.1.6)
  - EXApplication (3.2.0):
    - UMCore
  - EXConstants (11.0.2):
    - ExpoModulesCore
    - UMCore
  - EXErrorRecovery (2.2.0):
    - UMCore
  - EXFileSystem (11.1.3):
    - ExpoModulesCore
    - UMCore
  - EXFont (9.2.1):
    - ExpoModulesCore
    - UMCore
  - EXImageLoader (2.2.0):
    - ExpoModulesCore
    - React-Core
    - UMCore
  - EXKeepAwake (9.2.0):
    - UMCore
  - ExpoModulesCore (0.2.0):
    - ExpoModulesCore/Core (= 0.2.0)
    - ExpoModulesCore/Interfaces (= 0.2.0)
    - UMCore
  - ExpoModulesCore/Core (0.2.0):
    - UMCore
  - ExpoModulesCore/Interfaces (0.2.0):
    - ExpoModulesCore/Core
    - UMCore
  - EXSplashScreen (0.11.4):
    - React-Core
    - UMCore
  - EXStructuredHeaders (1.1.1):
    - UMCore
  - EXUpdates (0.8.5):
    - EXStructuredHeaders
    - EXUpdatesInterface
    - React-Core
    - UMCore
  - EXUpdatesInterface (0.2.2)
  - FBLazyVector (0.70.1)
  - FBReactNativeSpec (0.70.1):
    - RCT-Folly (= 2021.07.22.00)
    - RCTRequired (= 0.70.1)
    - RCTTypeSafety (= 0.70.1)
    - React-Core (= 0.70.1)
    - React-jsi (= 0.70.1)
    - ReactCommon/turbomodule/core (= 0.70.1)
  - fmt (6.2.1)
  - glog (0.3.5)
  - hermes-engine (0.70.1)
  - libevent (2.1.12)
  - OktaOidc (3.11.2):
    - OktaOidc/AppAuth (= 3.11.2)
    - OktaOidc/Okta (= 3.11.2)
  - OktaOidc/AppAuth (3.11.2)
  - OktaOidc/Okta (3.11.2):
    - OktaOidc/AppAuth
  - OktaSdkBridgeReactNative (2.7.0):
    - OktaOidc (= 3.11.2)
    - React
  - RCT-Folly (2021.07.22.00):
    - boost
    - DoubleConversion
    - fmt (~> 6.2.1)
    - glog
    - RCT-Folly/Default (= 2021.07.22.00)
  - RCT-Folly/Default (2021.07.22.00):
    - boost
    - DoubleConversion
    - fmt (~> 6.2.1)
    - glog
  - RCT-Folly/Futures (2021.07.22.00):
    - boost
    - DoubleConversion
    - fmt (~> 6.2.1)
    - glog
    - libevent
  - RCTRequired (0.70.1)
  - RCTTypeSafety (0.70.1):
    - FBLazyVector (= 0.70.1)
    - RCTRequired (= 0.70.1)
    - React-Core (= 0.70.1)
  - React (0.70.1):
    - React-Core (= 0.70.1)
    - React-Core/DevSupport (= 0.70.1)
    - React-Core/RCTWebSocket (= 0.70.1)
    - React-RCTActionSheet (= 0.70.1)
    - React-RCTAnimation (= 0.70.1)
    - React-RCTBlob (= 0.70.1)
    - React-RCTImage (= 0.70.1)
    - React-RCTLinking (= 0.70.1)
    - React-RCTNetwork (= 0.70.1)
    - React-RCTSettings (= 0.70.1)
    - React-RCTText (= 0.70.1)
    - React-RCTVibration (= 0.70.1)
  - React-bridging (0.70.1):
    - RCT-Folly (= 2021.07.22.00)
    - React-jsi (= 0.70.1)
  - React-callinvoker (0.70.1)
  - React-Codegen (0.70.1):
    - FBReactNativeSpec (= 0.70.1)
    - RCT-Folly (= 2021.07.22.00)
    - RCTRequired (= 0.70.1)
    - RCTTypeSafety (= 0.70.1)
    - React-Core (= 0.70.1)
    - React-jsi (= 0.70.1)
    - React-jsiexecutor (= 0.70.1)
    - ReactCommon/turbomodule/core (= 0.70.1)
  - React-Core (0.70.1):
    - glog
    - RCT-Folly (= 2021.07.22.00)
    - React-Core/Default (= 0.70.1)
    - React-cxxreact (= 0.70.1)
    - React-jsi (= 0.70.1)
    - React-jsiexecutor (= 0.70.1)
    - React-perflogger (= 0.70.1)
    - Yoga
  - React-Core/CoreModulesHeaders (0.70.1):
    - glog
    - RCT-Folly (= 2021.07.22.00)
    - React-Core/Default
    - React-cxxreact (= 0.70.1)
    - React-jsi (= 0.70.1)
    - React-jsiexecutor (= 0.70.1)
    - React-perflogger (= 0.70.1)
    - Yoga
  - React-Core/Default (0.70.1):
    - glog
    - RCT-Folly (= 2021.07.22.00)
    - React-cxxreact (= 0.70.1)
    - React-jsi (= 0.70.1)
    - React-jsiexecutor (= 0.70.1)
    - React-perflogger (= 0.70.1)
    - Yoga
  - React-Core/DevSupport (0.70.1):
    - glog
    - RCT-Folly (= 2021.07.22.00)
    - React-Core/Default (= 0.70.1)
    - React-Core/RCTWebSocket (= 0.70.1)
    - React-cxxreact (= 0.70.1)
    - React-jsi (= 0.70.1)
    - React-jsiexecutor (= 0.70.1)
    - React-jsinspector (= 0.70.1)
    - React-perflogger (= 0.70.1)
    - Yoga
  - React-Core/RCTActionSheetHeaders (0.70.1):
    - glog
    - RCT-Folly (= 2021.07.22.00)
    - React-Core/Default
    - React-cxxreact (= 0.70.1)
    - React-jsi (= 0.70.1)
    - React-jsiexecutor (= 0.70.1)
    - React-perflogger (= 0.70.1)
    - Yoga
  - React-Core/RCTAnimationHeaders (0.70.1):
    - glog
    - RCT-Folly (= 2021.07.22.00)
    - React-Core/Default
    - React-cxxreact (= 0.70.1)
    - React-jsi (= 0.70.1)
    - React-jsiexecutor (= 0.70.1)
    - React-perflogger (= 0.70.1)
    - Yoga
  - React-Core/RCTBlobHeaders (0.70.1):
    - glog
    - RCT-Folly (= 2021.07.22.00)
    - React-Core/Default
    - React-cxxreact (= 0.70.1)
    - React-jsi (= 0.70.1)
    - React-jsiexecutor (= 0.70.1)
    - React-perflogger (= 0.70.1)
    - Yoga
  - React-Core/RCTImageHeaders (0.70.1):
    - glog
    - RCT-Folly (= 2021.07.22.00)
    - React-Core/Default
    - React-cxxreact (= 0.70.1)
    - React-jsi (= 0.70.1)
    - React-jsiexecutor (= 0.70.1)
    - React-perflogger (= 0.70.1)
    - Yoga
  - React-Core/RCTLinkingHeaders (0.70.1):
    - glog
    - RCT-Folly (= 2021.07.22.00)
    - React-Core/Default
    - React-cxxreact (= 0.70.1)
    - React-jsi (= 0.70.1)
    - React-jsiexecutor (= 0.70.1)
    - React-perflogger (= 0.70.1)
    - Yoga
  - React-Core/RCTNetworkHeaders (0.70.1):
    - glog
    - RCT-Folly (= 2021.07.22.00)
    - React-Core/Default
    - React-cxxreact (= 0.70.1)
    - React-jsi (= 0.70.1)
    - React-jsiexecutor (= 0.70.1)
    - React-perflogger (= 0.70.1)
    - Yoga
  - React-Core/RCTSettingsHeaders (0.70.1):
    - glog
    - RCT-Folly (= 2021.07.22.00)
    - React-Core/Default
    - React-cxxreact (= 0.70.1)
    - React-jsi (= 0.70.1)
    - React-jsiexecutor (= 0.70.1)
    - React-perflogger (= 0.70.1)
    - Yoga
  - React-Core/RCTTextHeaders (0.70.1):
    - glog
    - RCT-Folly (= 2021.07.22.00)
    - React-Core/Default
    - React-cxxreact (= 0.70.1)
    - React-jsi (= 0.70.1)
    - React-jsiexecutor (= 0.70.1)
    - React-perflogger (= 0.70.1)
    - Yoga
  - React-Core/RCTVibrationHeaders (0.70.1):
    - glog
    - RCT-Folly (= 2021.07.22.00)
    - React-Core/Default
    - React-cxxreact (= 0.70.1)
    - React-jsi (= 0.70.1)
    - React-jsiexecutor (= 0.70.1)
    - React-perflogger (= 0.70.1)
    - Yoga
  - React-Core/RCTWebSocket (0.70.1):
    - glog
    - RCT-Folly (= 2021.07.22.00)
    - React-Core/Default (= 0.70.1)
    - React-cxxreact (= 0.70.1)
    - React-jsi (= 0.70.1)
    - React-jsiexecutor (= 0.70.1)
    - React-perflogger (= 0.70.1)
    - Yoga
  - React-CoreModules (0.70.1):
    - RCT-Folly (= 2021.07.22.00)
    - RCTTypeSafety (= 0.70.1)
    - React-Codegen (= 0.70.1)
    - React-Core/CoreModulesHeaders (= 0.70.1)
    - React-jsi (= 0.70.1)
    - React-RCTImage (= 0.70.1)
    - ReactCommon/turbomodule/core (= 0.70.1)
  - React-cxxreact (0.70.1):
    - boost (= 1.76.0)
    - DoubleConversion
    - glog
    - RCT-Folly (= 2021.07.22.00)
    - React-callinvoker (= 0.70.1)
    - React-jsi (= 0.70.1)
    - React-jsinspector (= 0.70.1)
    - React-logger (= 0.70.1)
    - React-perflogger (= 0.70.1)
    - React-runtimeexecutor (= 0.70.1)
  - React-hermes (0.70.1):
    - DoubleConversion
    - glog
    - hermes-engine
    - RCT-Folly (= 2021.07.22.00)
    - RCT-Folly/Futures (= 2021.07.22.00)
    - React-cxxreact (= 0.70.1)
    - React-jsi (= 0.70.1)
    - React-jsiexecutor (= 0.70.1)
    - React-jsinspector (= 0.70.1)
    - React-perflogger (= 0.70.1)
  - React-jsi (0.70.1):
    - boost (= 1.76.0)
    - DoubleConversion
    - glog
    - RCT-Folly (= 2021.07.22.00)
    - React-jsi/Default (= 0.70.1)
  - React-jsi/Default (0.70.1):
    - boost (= 1.76.0)
    - DoubleConversion
    - glog
    - RCT-Folly (= 2021.07.22.00)
  - React-jsiexecutor (0.70.1):
    - DoubleConversion
    - glog
    - RCT-Folly (= 2021.07.22.00)
    - React-cxxreact (= 0.70.1)
    - React-jsi (= 0.70.1)
    - React-perflogger (= 0.70.1)
  - React-jsinspector (0.70.1)
  - React-logger (0.70.1):
    - glog
  - react-native-safe-area-context (3.2.0):
    - React-Core
  - React-perflogger (0.70.1)
  - React-RCTActionSheet (0.70.1):
    - React-Core/RCTActionSheetHeaders (= 0.70.1)
  - React-RCTAnimation (0.70.1):
    - RCT-Folly (= 2021.07.22.00)
    - RCTTypeSafety (= 0.70.1)
    - React-Codegen (= 0.70.1)
    - React-Core/RCTAnimationHeaders (= 0.70.1)
    - React-jsi (= 0.70.1)
    - ReactCommon/turbomodule/core (= 0.70.1)
  - React-RCTBlob (0.70.1):
    - RCT-Folly (= 2021.07.22.00)
    - React-Codegen (= 0.70.1)
    - React-Core/RCTBlobHeaders (= 0.70.1)
    - React-Core/RCTWebSocket (= 0.70.1)
    - React-jsi (= 0.70.1)
    - React-RCTNetwork (= 0.70.1)
    - ReactCommon/turbomodule/core (= 0.70.1)
  - React-RCTImage (0.70.1):
    - RCT-Folly (= 2021.07.22.00)
    - RCTTypeSafety (= 0.70.1)
    - React-Codegen (= 0.70.1)
    - React-Core/RCTImageHeaders (= 0.70.1)
    - React-jsi (= 0.70.1)
    - React-RCTNetwork (= 0.70.1)
    - ReactCommon/turbomodule/core (= 0.70.1)
  - React-RCTLinking (0.70.1):
    - React-Codegen (= 0.70.1)
    - React-Core/RCTLinkingHeaders (= 0.70.1)
    - React-jsi (= 0.70.1)
    - ReactCommon/turbomodule/core (= 0.70.1)
  - React-RCTNetwork (0.70.1):
    - RCT-Folly (= 2021.07.22.00)
    - RCTTypeSafety (= 0.70.1)
    - React-Codegen (= 0.70.1)
    - React-Core/RCTNetworkHeaders (= 0.70.1)
    - React-jsi (= 0.70.1)
    - ReactCommon/turbomodule/core (= 0.70.1)
  - React-RCTSettings (0.70.1):
    - RCT-Folly (= 2021.07.22.00)
    - RCTTypeSafety (= 0.70.1)
    - React-Codegen (= 0.70.1)
    - React-Core/RCTSettingsHeaders (= 0.70.1)
    - React-jsi (= 0.70.1)
    - ReactCommon/turbomodule/core (= 0.70.1)
  - React-RCTText (0.70.1):
    - React-Core/RCTTextHeaders (= 0.70.1)
  - React-RCTVibration (0.70.1):
    - RCT-Folly (= 2021.07.22.00)
    - React-Codegen (= 0.70.1)
    - React-Core/RCTVibrationHeaders (= 0.70.1)
    - React-jsi (= 0.70.1)
    - ReactCommon/turbomodule/core (= 0.70.1)
  - React-runtimeexecutor (0.70.1):
    - React-jsi (= 0.70.1)
  - ReactCommon/turbomodule/core (0.70.1):
    - DoubleConversion
    - glog
    - RCT-Folly (= 2021.07.22.00)
    - React-bridging (= 0.70.1)
    - React-callinvoker (= 0.70.1)
    - React-Core (= 0.70.1)
    - React-cxxreact (= 0.70.1)
    - React-jsi (= 0.70.1)
    - React-logger (= 0.70.1)
    - React-perflogger (= 0.70.1)
  - RNGestureHandler (1.10.3):
    - React-Core
  - RNReanimated (2.2.4):
    - DoubleConversion
    - FBLazyVector
    - FBReactNativeSpec
    - glog
    - RCT-Folly
    - RCTRequired
    - RCTTypeSafety
    - React
    - React-callinvoker
    - React-Core
    - React-Core/DevSupport
    - React-Core/RCTWebSocket
    - React-CoreModules
    - React-cxxreact
    - React-jsi
    - React-jsiexecutor
    - React-jsinspector
    - React-RCTActionSheet
    - React-RCTAnimation
    - React-RCTBlob
    - React-RCTImage
    - React-RCTLinking
    - React-RCTNetwork
    - React-RCTSettings
    - React-RCTText
    - React-RCTVibration
    - ReactCommon/turbomodule/core
    - Yoga
  - RNScreens (3.4.0):
    - React-Core
    - React-RCTImage
  - UMAppLoader (2.2.0)
  - UMCore (7.1.2)
  - UMReactNativeAdapter (6.3.9):
    - ExpoModulesCore
    - React-Core
    - UMCore
  - UMTaskManagerInterface (6.2.0):
    - UMCore
  - Yoga (1.14.0)

DEPENDENCIES:
  - boost (from `../node_modules/react-native/third-party-podspecs/boost.podspec`)
  - DoubleConversion (from `../node_modules/react-native/third-party-podspecs/DoubleConversion.podspec`)
  - EXApplication (from `../node_modules/expo-application/ios`)
  - EXConstants (from `../node_modules/expo-constants/ios`)
  - EXErrorRecovery (from `../node_modules/expo-error-recovery/ios`)
  - EXFileSystem (from `../node_modules/expo-file-system/ios`)
  - EXFont (from `../node_modules/expo-font/ios`)
  - EXImageLoader (from `../node_modules/expo-image-loader/ios`)
  - EXKeepAwake (from `../node_modules/expo-keep-awake/ios`)
  - ExpoModulesCore (from `../node_modules/expo-modules-core/ios`)
  - EXSplashScreen (from `../node_modules/expo-splash-screen/ios`)
  - EXStructuredHeaders (from `../node_modules/expo-structured-headers/ios`)
  - EXUpdates (from `../node_modules/expo-updates/ios`)
  - EXUpdatesInterface (from `../node_modules/expo-updates-interface/ios`)
  - FBLazyVector (from `../node_modules/react-native/Libraries/FBLazyVector`)
  - FBReactNativeSpec (from `../node_modules/react-native/React/FBReactNativeSpec`)
  - glog (from `../node_modules/react-native/third-party-podspecs/glog.podspec`)
  - hermes-engine (from `../node_modules/react-native/sdks/hermes/hermes-engine.podspec`)
  - libevent (~> 2.1.12)
  - "OktaSdkBridgeReactNative (from `../node_modules/@okta/okta-react-native`)"
  - RCT-Folly (from `../node_modules/react-native/third-party-podspecs/RCT-Folly.podspec`)
  - RCTRequired (from `../node_modules/react-native/Libraries/RCTRequired`)
  - RCTTypeSafety (from `../node_modules/react-native/Libraries/TypeSafety`)
  - React (from `../node_modules/react-native/`)
  - React-bridging (from `../node_modules/react-native/ReactCommon`)
  - React-callinvoker (from `../node_modules/react-native/ReactCommon/callinvoker`)
  - React-Codegen (from `build/generated/ios`)
  - React-Core (from `../node_modules/react-native/`)
  - React-Core/RCTWebSocket (from `../node_modules/react-native/`)
  - React-CoreModules (from `../node_modules/react-native/React/CoreModules`)
  - React-cxxreact (from `../node_modules/react-native/ReactCommon/cxxreact`)
  - React-hermes (from `../node_modules/react-native/ReactCommon/hermes`)
  - React-jsi (from `../node_modules/react-native/ReactCommon/jsi`)
  - React-jsiexecutor (from `../node_modules/react-native/ReactCommon/jsiexecutor`)
  - React-jsinspector (from `../node_modules/react-native/ReactCommon/jsinspector`)
  - React-logger (from `../node_modules/react-native/ReactCommon/logger`)
  - react-native-safe-area-context (from `../node_modules/react-native-safe-area-context`)
  - React-perflogger (from `../node_modules/react-native/ReactCommon/reactperflogger`)
  - React-RCTActionSheet (from `../node_modules/react-native/Libraries/ActionSheetIOS`)
  - React-RCTAnimation (from `../node_modules/react-native/Libraries/NativeAnimation`)
  - React-RCTBlob (from `../node_modules/react-native/Libraries/Blob`)
  - React-RCTImage (from `../node_modules/react-native/Libraries/Image`)
  - React-RCTLinking (from `../node_modules/react-native/Libraries/LinkingIOS`)
  - React-RCTNetwork (from `../node_modules/react-native/Libraries/Network`)
  - React-RCTSettings (from `../node_modules/react-native/Libraries/Settings`)
  - React-RCTText (from `../node_modules/react-native/Libraries/Text`)
  - React-RCTVibration (from `../node_modules/react-native/Libraries/Vibration`)
  - React-runtimeexecutor (from `../node_modules/react-native/ReactCommon/runtimeexecutor`)
  - ReactCommon/turbomodule/core (from `../node_modules/react-native/ReactCommon`)
  - RNGestureHandler (from `../node_modules/react-native-gesture-handler`)
  - RNReanimated (from `../node_modules/react-native-reanimated`)
  - RNScreens (from `../node_modules/react-native-screens`)
  - UMAppLoader (from `../node_modules/unimodules-app-loader/ios`)
  - "UMCore (from `../node_modules/@unimodules/core/ios`)"
  - "UMReactNativeAdapter (from `../node_modules/@unimodules/react-native-adapter/ios`)"
  - UMTaskManagerInterface (from `../node_modules/unimodules-task-manager-interface/ios`)
  - Yoga (from `../node_modules/react-native/ReactCommon/yoga`)

SPEC REPOS:
  trunk:
    - fmt
    - libevent
    - OktaOidc

EXTERNAL SOURCES:
  boost:
    :podspec: "../node_modules/react-native/third-party-podspecs/boost.podspec"
  DoubleConversion:
    :podspec: "../node_modules/react-native/third-party-podspecs/DoubleConversion.podspec"
  EXApplication:
    :path: "../node_modules/expo-application/ios"
  EXConstants:
    :path: "../node_modules/expo-constants/ios"
  EXErrorRecovery:
    :path: "../node_modules/expo-error-recovery/ios"
  EXFileSystem:
    :path: "../node_modules/expo-file-system/ios"
  EXFont:
    :path: "../node_modules/expo-font/ios"
  EXImageLoader:
    :path: "../node_modules/expo-image-loader/ios"
  EXKeepAwake:
    :path: "../node_modules/expo-keep-awake/ios"
  ExpoModulesCore:
    :path: "../node_modules/expo-modules-core/ios"
  EXSplashScreen:
    :path: "../node_modules/expo-splash-screen/ios"
  EXStructuredHeaders:
    :path: "../node_modules/expo-structured-headers/ios"
  EXUpdates:
    :path: "../node_modules/expo-updates/ios"
  EXUpdatesInterface:
    :path: "../node_modules/expo-updates-interface/ios"
  FBLazyVector:
    :path: "../node_modules/react-native/Libraries/FBLazyVector"
  FBReactNativeSpec:
    :path: "../node_modules/react-native/React/FBReactNativeSpec"
  glog:
    :podspec: "../node_modules/react-native/third-party-podspecs/glog.podspec"
  hermes-engine:
    :podspec: "../node_modules/react-native/sdks/hermes/hermes-engine.podspec"
  OktaSdkBridgeReactNative:
    :path: "../node_modules/@okta/okta-react-native"
  RCT-Folly:
    :podspec: "../node_modules/react-native/third-party-podspecs/RCT-Folly.podspec"
  RCTRequired:
    :path: "../node_modules/react-native/Libraries/RCTRequired"
  RCTTypeSafety:
    :path: "../node_modules/react-native/Libraries/TypeSafety"
  React:
    :path: "../node_modules/react-native/"
  React-bridging:
    :path: "../node_modules/react-native/ReactCommon"
  React-callinvoker:
    :path: "../node_modules/react-native/ReactCommon/callinvoker"
  React-Codegen:
    :path: build/generated/ios
  React-Core:
    :path: "../node_modules/react-native/"
  React-CoreModules:
    :path: "../node_modules/react-native/React/CoreModules"
  React-cxxreact:
    :path: "../node_modules/react-native/ReactCommon/cxxreact"
  React-hermes:
    :path: "../node_modules/react-native/ReactCommon/hermes"
  React-jsi:
    :path: "../node_modules/react-native/ReactCommon/jsi"
  React-jsiexecutor:
    :path: "../node_modules/react-native/ReactCommon/jsiexecutor"
  React-jsinspector:
    :path: "../node_modules/react-native/ReactCommon/jsinspector"
  React-logger:
    :path: "../node_modules/react-native/ReactCommon/logger"
  react-native-safe-area-context:
    :path: "../node_modules/react-native-safe-area-context"
  React-perflogger:
    :path: "../node_modules/react-native/ReactCommon/reactperflogger"
  React-RCTActionSheet:
    :path: "../node_modules/react-native/Libraries/ActionSheetIOS"
  React-RCTAnimation:
    :path: "../node_modules/react-native/Libraries/NativeAnimation"
  React-RCTBlob:
    :path: "../node_modules/react-native/Libraries/Blob"
  React-RCTImage:
    :path: "../node_modules/react-native/Libraries/Image"
  React-RCTLinking:
    :path: "../node_modules/react-native/Libraries/LinkingIOS"
  React-RCTNetwork:
    :path: "../node_modules/react-native/Libraries/Network"
  React-RCTSettings:
    :path: "../node_modules/react-native/Libraries/Settings"
  React-RCTText:
    :path: "../node_modules/react-native/Libraries/Text"
  React-RCTVibration:
    :path: "../node_modules/react-native/Libraries/Vibration"
  React-runtimeexecutor:
    :path: "../node_modules/react-native/ReactCommon/runtimeexecutor"
  ReactCommon:
    :path: "../node_modules/react-native/ReactCommon"
  RNGestureHandler:
    :path: "../node_modules/react-native-gesture-handler"
  RNReanimated:
    :path: "../node_modules/react-native-reanimated"
  RNScreens:
    :path: "../node_modules/react-native-screens"
  UMAppLoader:
    :path: "../node_modules/unimodules-app-loader/ios"
  UMCore:
    :path: "../node_modules/@unimodules/core/ios"
  UMReactNativeAdapter:
    :path: "../node_modules/@unimodules/react-native-adapter/ios"
  UMTaskManagerInterface:
    :path: "../node_modules/unimodules-task-manager-interface/ios"
  Yoga:
    :path: "../node_modules/react-native/ReactCommon/yoga"

SPEC CHECKSUMS:
  boost: a7c83b31436843459a1961bfd74b96033dc77234
  DoubleConversion: 5189b271737e1565bdce30deb4a08d647e3f5f54
  EXApplication: 9ff2a206009d6e55bca6c20b3f33d07986b51ef3
  EXConstants: 4cb52b6d8f636c767104a44bf7db3873e9c01a6f
  EXErrorRecovery: 404d827bc7d42f306c062d58a60b06afc4d082b3
  EXFileSystem: 0a04aba8da751b9ac954065911bcf166503f8267
  EXFont: 9846ba1bb6f5f5aed44e20eea3ac70693323832d
  EXImageLoader: d3531a3fe530b22925c19977cb53bb43e3821fe6
  EXKeepAwake: f4105ef469be7b283f66ce2d7234bb71ac80cd26
  ExpoModulesCore: 2734852616127a6c1fc23012197890a6f3763dc7
  EXSplashScreen: 847e0d8026731c1090bf269ede3e15ac87d88958
  EXStructuredHeaders: e52b880264d15b8ad07d36670226c29476af6334
  EXUpdates: 013d26649cb6ab4f8d8d80c35d3d4be150b47e7c
  EXUpdatesInterface: b68e78b912a03fff7901a5f46ec200c45e3506a5
  FBLazyVector: d3cdc05875c89782840d2f38e1d6174fab24e4d2
  FBReactNativeSpec: 0612c8f2dbd774414bb778247c6ec6cb05aa4c50
  fmt: ff9d55029c625d3757ed641535fd4a75fedc7ce9
  glog: 04b94705f318337d7ead9e6d17c019bd9b1f6b1b
  hermes-engine: 9cd393f741bfa14d1d0cd90cc373e3619c0bc7ea
  libevent: 4049cae6c81cdb3654a443be001fb9bdceff7913
  OktaOidc: 15fb3d494103d4f07ba8a523b3347d02c4d30486
  OktaSdkBridgeReactNative: 59026e93cd8b0f2249ffb93cc88602bc41f1ff69
  RCT-Folly: 0080d0a6ebf2577475bda044aa59e2ca1f909cda
  RCTRequired: 1b4e0388c8ad776b2d23f8135926fa4e7ddacdf4
  RCTTypeSafety: 23dc09d6e9ed210fabab031a568bb0194d492385
  React: 8ca78b2619353c251478892f087d007365af8170
  React-bridging: e98ade701d1e8e8e764a5e7a66f1725135a0a8ce
  React-callinvoker: d32c4a1e448799506e9c45ef25ae8ff3c5f77246
  React-Codegen: 642c7cc5e5bd43ef07f275da308d86ff05c0069c
  React-Core: 59487b5839f3ff353bbc847df22fc7f8a42ff421
  React-CoreModules: 62df56334be6c6ef93e1b637284abb782a731318
  React-cxxreact: 5a641acd449213f420ec01f0c912c8433a91c4ba
  React-hermes: 909477fce9db1d83e854489d5f3c360dd40cf8b9
  React-jsi: 28343c93479aa1380251c450a76a9d6eabacf3cd
  React-jsiexecutor: 47201924064085223b63ec7e3ee9fd40ad8508e8
  React-jsinspector: 1363be638eccfe1aea1b10dd42e632b0397e5ec8
  React-logger: 7bd569e3857d74ed412ce0a5c51f421ff7d4ca7f
  react-native-safe-area-context: f0906bf8bc9835ac9a9d3f97e8bde2a997d8da79
  React-perflogger: 48c6b363e867d64b682e84f80ca45636bd65e19c
  React-RCTActionSheet: 33c74fe5c754835e3715c300618da9aa2f7203fa
  React-RCTAnimation: 2dbf0120d4d1ab7716079b4180f2ca89c465e46b
  React-RCTBlob: ccf17363f809c5030746fdb56641527e6bf9adb7
  React-RCTImage: 88a61b23cd5a6feb8d4436f1e306d9f2ecee3462
  React-RCTLinking: c63a07ce60a6cb7642acebc80a447fb3f1872eba
  React-RCTNetwork: f79b6e7c64e7317d34dec7dcfabd1279a6c1d2e7
  React-RCTSettings: 1ff0f34d41646c7942adea36ab5706320e693756
  React-RCTText: 7cb05abb91cae0ab7841d551e811ccefa3714dbd
  React-RCTVibration: e9164827303fb6a5cf79e4c4af4846a09956b11f
  React-runtimeexecutor: a11d0c2e14140baf1e449264ca9168ae9ae6bbd0
  ReactCommon: 7f86326b92009925c6dcf93f8e825060171c379f
  RNGestureHandler: a479ebd5ed4221a810967000735517df0d2db211
  RNReanimated: 1b1b442d84cba454bae467c91a0ac3274e4ca25d
  RNScreens: 21b73c94c9117e1110a79ee0ee80c93ccefed8ce
  UMAppLoader: 21af63390e55c82e037fb9752d93114a80ecf16e
  UMCore: ce3a4faa010239063b8343895b29a6d97b01069d
  UMReactNativeAdapter: d03cefd0e4e4179ab8c490408589f1c8a6c8b785
  UMTaskManagerInterface: 2be431101b73604e64fbfffcf759336f9d8fccbb
  Yoga: 6c8252e38d65aa387daee699eacf027e055e0b31

PODFILE CHECKSUM: ddfd8660082dbdc3011ff19250a6293b50a3af89

COCOAPODS: 1.11.3
